{
  "name": "hnustPrint1_0",
  "lockfileVersion": 2,
  "requires": true,
  "packages": {
    "": {
      "dependencies": {
        "tdesign-miniprogram": "^0.20.0"
      }
    },
    "node_modules/dayjs": {
      "version": "1.11.5",
      "resolved": "https://registry.npmmirror.com/dayjs/-/dayjs-1.11.5.tgz",
      "integrity": "sha512-CAdX5Q3YW3Gclyo5Vpqkgpj8fSdLQcRuzfX6mC6Phy0nfJ0eGYOeS7m4mt2plDWLAtA4TqTakvbboHvUxfe4iA=="
    },
    "node_modules/tdesign-miniprogram": {
      "version": "0.20.0",
      "resolved": "https://registry.npmmirror.com/tdesign-miniprogram/-/tdesign-miniprogram-0.20.0.tgz",
      "integrity": "sha512-LStk9hPEw7xrx4JSpVbDYu8W4Tvl/T8a0G4lqsxBMlrZAqVUWFrENqwIF5yR8VAfj3UUNBkAQAGSnG/cTHSmEA==",
      "dependencies": {
        "dayjs": "^1.10.7"
      }
    }
  },
  "dependencies": {
    "dayjs": {
      "version": "1.11.5",
      "resolved": "https://registry.npmmirror.com/dayjs/-/dayjs-1.11.5.tgz",
      "integrity": "sha512-CAdX5Q3YW3Gclyo5Vpqkgpj8fSdLQcRuzfX6mC6Phy0nfJ0eGYOeS7m4mt2plDWLAtA4TqTakvbboHvUxfe4iA=="
    },
    "tdesign-miniprogram": {
      "version": "0.20.0",
      "resolved": "https://registry.npmmirror.com/tdesign-miniprogram/-/tdesign-miniprogram-0.20.0.tgz",
      "integrity": "sha512-LStk9hPEw7xrx4JSpVbDYu8W4Tvl/T8a0G4lqsxBMlrZAqVUWFrENqwIF5yR8VAfj3UUNBkAQAGSnG/cTHSmEA==",
      "requires": {
        "dayjs": "^1.10.7"
      }
    }
  }
}
